
Microsoft Visual Studio Solution File, Format Version 12.00
# Visual Studio Version 17
VisualStudioVersion = 17.13.35825.156 d17.13
MinimumVisualStudioVersion = 10.0.40219.1
Project("{FAE04EC0-301F-11D3-BF4B-00C04F79EFBC}") = "AsyncFileDownloader", "AsyncFileDownloader\AsyncFileDownloader.csproj", "{623258F2-02D1-4B92-A542-927C52A2ED4A}"
EndProject
Global
	GlobalSection(SolutionConfigurationPlatforms) = preSolution
		Debug|Any CPU = Debug|Any CPU
		Release|Any CPU = Release|Any CPU
	EndGlobalSection
	GlobalSection(ProjectConfigurationPlatforms) = postSolution
		{623258F2-02D1-4B92-A542-927C52A2ED4A}.Debug|Any CPU.ActiveCfg = Debug|Any CPU
		{623258F2-02D1-4B92-A542-927C52A2ED4A}.Debug|Any CPU.Build.0 = Debug|Any CPU
		{623258F2-02D1-4B92-A542-927C52A2ED4A}.Release|Any CPU.ActiveCfg = Release|Any CPU
		{623258F2-02D1-4B92-A542-927C52A2ED4A}.Release|Any CPU.Build.0 = Release|Any CPU
	EndGlobalSection
	GlobalSection(SolutionProperties) = preSolution
		HideSolutionNode = FALSE
	EndGlobalSection
	GlobalSection(ExtensibilityGlobals) = postSolution
		SolutionGuid = {7A61D09C-CB52-4C39-A80E-CF34EF075501}
	EndGlobalSection
EndGlobal
